{
  "version": "5",
  "specifiers": {
    "jsr:@hongminhee/deno-mock-fetch@~0.3.2": "0.3.2",
    "jsr:@std/assert@1": "1.0.13",
    "jsr:@std/internal@^1.0.6": "1.0.6",
    "npm:zod@^3.24.3": "3.24.3"
  },
  "jsr": {
    "@hongminhee/deno-mock-fetch@0.3.2": {
      "integrity": "c92694dd885d2fecbcc032402774702852f0264ca444860383ee167dea4fffa6"
    },
    "@std/assert@1.0.13": {
      "integrity": "ae0d31e41919b12c656c742b22522c32fb26ed0cba32975cb0de2a273cb68b29",
      "dependencies": [
        "jsr:@std/internal"
      ]
    },
    "@std/internal@1.0.6": {
      "integrity": "9533b128f230f73bd209408bb07a4b12f8d4255ab2a4d22a1fd6d87304aca9a4"
    }
  },
  "npm": {
    "zod@3.24.3": {
      "integrity": "sha512-HhY1oqzWCQWuUqvBFnsyrtZRhyPeR7SUGv+C4+MsisMuVfSPx8HpwWqH8tRahSlt6M3PiFAcoeFhZAqIXTxoSg=="
    }
  },
  "workspace": {
    "dependencies": [
      "jsr:@hongminhee/deno-mock-fetch@~0.3.2",
      "jsr:@std/assert@1",
      "npm:zod@^3.24.3"
    ]
  }
}
